// !$*UTF8*$!
{
	archiveVersion = 1;
	classes = {
	};
	objectVersion = 56;
	objects = {

/* Begin PBXBuildFile section */
		BA717DCB2922DF1F003B887B /* CWC_Notes_AppApp.swift in Sources */ = {isa = PBXBuildFile; fileRef = BA717DCA2922DF1F003B887B /* CWC_Notes_AppApp.swift */; };
		BA717DCD2922DF1F003B887B /* ContentView.swift in Sources */ = {isa = PBXBuildFile; fileRef = BA717DCC2922DF1F003B887B /* ContentView.swift */; };
		BA717DCF2922DF22003B887B /* Assets.xcassets in Resources */ = {isa = PBXBuildFile; fileRef = BA717DCE2922DF22003B887B /* Assets.xcassets */; };
		BA717DD22922DF22003B887B /* Preview Assets.xcassets in Resources */ = {isa = PBXBuildFile; fileRef = BA717DD12922DF22003B887B /* Preview Assets.xcassets */; };
		BAC7CA1C2922E82B002276F8 /* NoteView.swift in Sources */ = {isa = PBXBuildFile; fileRef = BAC7CA1B2922E82B002276F8 /* NoteView.swift */; };
		BAC7CA1E2922F3F2002276F8 /* NewNoteView.swift in Sources */ = {isa = PBXBuildFile; fileRef = BAC7CA1D2922F3F2002276F8 /* NewNoteView.swift */; };
		BAE09E86292427D6002B4514 /* Alamofire in Frameworks */ = {isa = PBXBuildFile; productRef = BAE09E85292427D6002B4514 /* Alamofire */; };
		BAE09E8829242BEA002B4514 /* APIFunctions.swift in Sources */ = {isa = PBXBuildFile; fileRef = BAE09E8729242BEA002B4514 /* APIFunctions.swift */; };
/* End PBXBuildFile section */

/* Begin PBXFileReference section */
		BA717DC72922DF1F003B887B /* CWC Notes App.app */ = {isa = PBXFileReference; explicitFileType = wrapper.application; includeInIndex = 0; path = "CWC Notes App.app"; sourceTree = BUILT_PRODUCTS_DIR; };
		BA717DCA2922DF1F003B887B /* CWC_Notes_AppApp.swift */ = {isa = PBXFileReference; lastKnownFileType = sourcecode.swift; path = CWC_Notes_AppApp.swift; sourceTree = "<group>"; };
		BA717DCC2922DF1F003B887B /* ContentView.swift */ = {isa = PBXFileReference; lastKnownFileType = sourcecode.swift; path = ContentView.swift; sourceTree = "<group>"; };
		BA717DCE2922DF22003B887B /* Assets.xcassets */ = {isa = PBXFileReference; lastKnownFileType = folder.assetcatalog; path = Assets.xcassets; sourceTree = "<group>"; };
		BA717DD12922DF22003B887B /* Preview Assets.xcassets */ = {isa = PBXFileReference; lastKnownFileType = folder.assetcatalog; path = "Preview Assets.xcassets"; sourceTree = "<group>"; };
		BAC7CA1B2922E82B002276F8 /* NoteView.swift */ = {isa = PBXFileReference; lastKnownFileType = sourcecode.swift; path = NoteView.swift; sourceTree = "<group>"; };
		BAC7CA1D2922F3F2002276F8 /* NewNoteView.swift */ = {isa = PBXFileReference; lastKnownFileType = sourcecode.swift; path = NewNoteView.swift; sourceTree = "<group>"; };
		BAE09E8729242BEA002B4514 /* APIFunctions.swift */ = {isa = PBXFileReference; lastKnownFileType = sourcecode.swift; path = APIFunctions.swift; sourceTree = "<group>"; };
/* End PBXFileReference section */

/* Begin PBXFrameworksBuildPhase section */
		BA717DC42922DF1F003B887B /* Frameworks */ = {
			isa = PBXFrameworksBuildPhase;
			buildActionMask = 2147483647;
			files = (
				BAE09E86292427D6002B4514 /* Alamofire in Frameworks */,
			);
			runOnlyForDeploymentPostprocessing = 0;
		};
/* End PBXFrameworksBuildPhase section */

/* Begin PBXGroup section */
		BA717DBE2922DF1F003B887B = {
			isa = PBXGroup;
			children = (
				BA717DC92922DF1F003B887B /* CWC Notes App */,
				BA717DC82922DF1F003B887B /* Products */,
			);
			sourceTree = "<group>";
		};
		BA717DC82922DF1F003B887B /* Products */ = {
			isa = PBXGroup;
			children = (
				BA717DC72922DF1F003B887B /* CWC Notes App.app */,
			);
			name = Products;
			sourceTree = "<group>";
		};
		BA717DC92922DF1F003B887B /* CWC Notes App */ = {
			isa = PBXGroup;
			children = (
				BAC7CA1A2922E11A002276F8 /* Views */,
				BA717DCA2922DF1F003B887B /* CWC_Notes_AppApp.swift */,
				BA717DCC2922DF1F003B887B /* ContentView.swift */,
				BA717DCE2922DF22003B887B /* Assets.xcassets */,
				BA717DD02922DF22003B887B /* Preview Content */,
				BAE09E8729242BEA002B4514 /* APIFunctions.swift */,
			);
			path = "CWC Notes App";
			sourceTree = "<group>";
		};
		BA717DD02922DF22003B887B /* Preview Content */ = {
			isa = PBXGroup;
			children = (
				BA717DD12922DF22003B887B /* Preview Assets.xcassets */,
			);
			path = "Preview Content";
			sourceTree = "<group>";
		};
		BAC7CA1A2922E11A002276F8 /* Views */ = {
			isa = PBXGroup;
			children = (
				BAC7CA1B2922E82B002276F8 /* NoteView.swift */,
				BAC7CA1D2922F3F2002276F8 /* NewNoteView.swift */,
			);
			path = Views;
			sourceTree = "<group>";
		};
/* End PBXGroup section */

/* Begin PBXNativeTarget section */
		BA717DC62922DF1F003B887B /* CWC Notes App */ = {
			isa = PBXNativeTarget;
			buildConfigurationList = BA717DD52922DF22003B887B /* Build configuration list for PBXNativeTarget "CWC Notes App" */;
			buildPhases = (
				BA717DC32922DF1F003B887B /* Sources */,
				BA717DC42922DF1F003B887B /* Frameworks */,
				BA717DC52922DF1F003B887B /* Resources */,
			);
			buildRules = (
			);
			dependencies = (
			);
			name = "CWC Notes App";
			packageProductDependencies = (
				BAE09E85292427D6002B4514 /* Alamofire */,
			);
			productName = "CWC Notes App";
			productReference = BA717DC72922DF1F003B887B /* CWC Notes App.app */;
			productType = "com.apple.product-type.application";
		};
/* End PBXNativeTarget section */

/* Begin PBXProject section */
		BA717DBF2922DF1F003B887B /* Project object */ = {
			isa = PBXProject;
			attributes = {
				BuildIndependentTargetsInParallel = 1;
				LastSwiftUpdateCheck = 1410;
				LastUpgradeCheck = 1410;
				TargetAttributes = {
					BA717DC62922DF1F003B887B = {
						CreatedOnToolsVersion = 14.1;
					};
				};
			};
			buildConfigurationList = BA717DC22922DF1F003B887B /* Build configuration list for PBXProject "CWC Notes App" */;
			compatibilityVersion = "Xcode 14.0";
			developmentRegion = en;
			hasScannedForEncodings = 0;
			knownRegions = (
				en,
				Base,
			);
			mainGroup = BA717DBE2922DF1F003B887B;
			packageReferences = (
				BAE09E84292427D6002B4514 /* XCRemoteSwiftPackageReference "Alamofire" */,
			);
			productRefGroup = BA717DC82922DF1F003B887B /* Products */;
			projectDirPath = "";
			projectRoot = "";
			targets = (
				BA717DC62922DF1F003B887B /* CWC Notes App */,
			);
		};
/* End PBXProject section */

/* Begin PBXResourcesBuildPhase section */
		BA717DC52922DF1F003B887B /* Resources */ = {
			isa = PBXResourcesBuildPhase;
			buildActionMask = 2147483647;
			files = (
				BA717DD22922DF22003B887B /* Preview Assets.xcassets in Resources */,
				BA717DCF2922DF22003B887B /* Assets.xcassets in Resources */,
			);
			runOnlyForDeploymentPostprocessing = 0;
		};
/* End PBXResourcesBuildPhase section */

/* Begin PBXSourcesBuildPhase section */
		BA717DC32922DF1F003B887B /* Sources */ = {
			isa = PBXSourcesBuildPhase;
			buildActionMask = 2147483647;
			files = (
				BA717DCD2922DF1F003B887B /* ContentView.swift in Sources */,
				BA717DCB2922DF1F003B887B /* CWC_Notes_AppApp.swift in Sources */,
				BAC7CA1C2922E82B002276F8 /* NoteView.swift in Sources */,
				BAC7CA1E2922F3F2002276F8 /* NewNoteView.swift in Sources */,
				BAE09E8829242BEA002B4514 /* APIFunctions.swift in Sources */,
			);
			runOnlyForDeploymentPostprocessing = 0;
		};
/* End PBXSourcesBuildPhase section */

/* Begin XCBuildConfiguration section */
		BA717DD32922DF22003B887B /* Debug */ = {
			isa = XCBuildConfiguration;
			buildSettings = {
				ALWAYS_SEARCH_USER_PATHS = NO;
				CLANG_ANALYZER_NONNULL = YES;
				CLANG_ANALYZER_NUMBER_OBJECT_CONVERSION = YES_AGGRESSIVE;
				CLANG_CXX_LANGUAGE_STANDARD = "gnu++20";
				CLANG_ENABLE_MODULES = YES;
				CLANG_ENABLE_OBJC_ARC = YES;
				CLANG_ENABLE_OBJC_WEAK = YES;
				CLANG_WARN_BLOCK_CAPTURE_AUTORELEASING = YES;
				CLANG_WARN_BOOL_CONVERSION = YES;
				CLANG_WARN_COMMA = YES;
				CLANG_WARN_CONSTANT_CONVERSION = YES;
				CLANG_WARN_DEPRECATED_OBJC_IMPLEMENTATIONS = YES;
				CLANG_WARN_DIRECT_OBJC_ISA_USAGE = YES_ERROR;
				CLANG_WARN_DOCUMENTATION_COMMENTS = YES;
				CLANG_WARN_EMPTY_BODY = YES;
				CLANG_WARN_ENUM_CONVERSION = YES;
				CLANG_WARN_INFINITE_RECURSION = YES;
				CLANG_WARN_INT_CONVERSION = YES;
				CLANG_WARN_NON_LITERAL_NULL_CONVERSION = YES;
				CLANG_WARN_OBJC_IMPLICIT_RETAIN_SELF = YES;
				CLANG_WARN_OBJC_LITERAL_CONVERSION = YES;
				CLANG_WARN_OBJC_ROOT_CLASS = YES_ERROR;
				CLANG_WARN_QUOTED_INCLUDE_IN_FRAMEWORK_HEADER = YES;
				CLANG_WARN_RANGE_LOOP_ANALYSIS = YES;
				CLANG_WARN_STRICT_PROTOTYPES = YES;
				CLANG_WARN_SUSPICIOUS_MOVE = YES;
				CLANG_WARN_UNGUARDED_AVAILABILITY = YES_AGGRESSIVE;
				CLANG_WARN_UNREACHABLE_CODE = YES;
				CLANG_WARN__DUPLICATE_METHOD_MATCH = YES;
				COPY_PHASE_STRIP = NO;
				DEBUG_INFORMATION_FORMAT = dwarf;
				ENABLE_STRICT_OBJC_MSGSEND = YES;
				ENABLE_TESTABILITY = YES;
				GCC_C_LANGUAGE_STANDARD = gnu11;
				GCC_DYNAMIC_NO_PIC = NO;
				GCC_NO_COMMON_BLOCKS = YES;
				GCC_OPTIMIZATION_LEVEL = 0;
				GCC_PREPROCESSOR_DEFINITIONS = (
					"DEBUG=1",
					"$(inherited)",
				);
				GCC_WARN_64_TO_32_BIT_CONVERSION = YES;
				GCC_WARN_ABOUT_RETURN_TYPE = YES_ERROR;
				GCC_WARN_UNDECLARED_SELECTOR = YES;
				GCC_WARN_UNINITIALIZED_AUTOS = YES_AGGRESSIVE;
				GCC_WARN_UNUSED_FUNCTION = YES;
				GCC_WARN_UNUSED_VARIABLE = YES;
				IPHONEOS_DEPLOYMENT_TARGET = 16.1;
				MTL_ENABLE_DEBUG_INFO = INCLUDE_SOURCE;
				MTL_FAST_MATH = YES;
				ONLY_ACTIVE_ARCH = YES;
				SDKROOT = iphoneos;
				SWIFT_ACTIVE_COMPILATION_CONDITIONS = DEBUG;
				SWIFT_OPTIMIZATION_LEVEL = "-Onone";
			};
			name = Debug;
		};
		BA717DD42922DF22003B887B /* Release */ = {
			isa = XCBuildConfiguration;
			buildSettings = {
				ALWAYS_SEARCH_USER_PATHS = NO;
				CLANG_ANALYZER_NONNULL = YES;
				CLANG_ANALYZER_NUMBER_OBJECT_CONVERSION = YES_AGGRESSIVE;
				CLANG_CXX_LANGUAGE_STANDARD = "gnu++20";
				CLANG_ENABLE_MODULES = YES;
				CLANG_ENABLE_OBJC_ARC = YES;
				CLANG_ENABLE_OBJC_WEAK = YES;
				CLANG_WARN_BLOCK_CAPTURE_AUTORELEASING = YES;
				CLANG_WARN_BOOL_CONVERSION = YES;
				CLANG_WARN_COMMA = YES;
				CLANG_WARN_CONSTANT_CONVERSION = YES;
				CLANG_WARN_DEPRECATED_OBJC_IMPLEMENTATIONS = YES;
				CLANG_WARN_DIRECT_OBJC_ISA_USAGE = YES_ERROR;
				CLANG_WARN_DOCUMENTATION_COMMENTS = YES;
				CLANG_WARN_EMPTY_BODY = YES;
				CLANG_WARN_ENUM_CONVERSION = YES;
				CLANG_WARN_INFINITE_RECURSION = YES;
				CLANG_WARN_INT_CONVERSION = YES;
				CLANG_WARN_NON_LITERAL_NULL_CONVERSION = YES;
				CLANG_WARN_OBJC_IMPLICIT_RETAIN_SELF = YES;
				CLANG_WARN_OBJC_LITERAL_CONVERSION = YES;
				CLANG_WARN_OBJC_ROOT_CLASS = YES_ERROR;
				CLANG_WARN_QUOTED_INCLUDE_IN_FRAMEWORK_HEADER = YES;
				CLANG_WARN_RANGE_LOOP_ANALYSIS = YES;
				CLANG_WARN_STRICT_PROTOTYPES = YES;
				CLANG_WARN_SUSPICIOUS_MOVE = YES;
				CLANG_WARN_UNGUARDED_AVAILABILITY = YES_AGGRESSIVE;
				CLANG_WARN_UNREACHABLE_CODE = YES;
				CLANG_WARN__DUPLICATE_METHOD_MATCH = YES;
				COPY_PHASE_STRIP = NO;
				DEBUG_INFORMATION_FORMAT = "dwarf-with-dsym";
				ENABLE_NS_ASSERTIONS = NO;
				ENABLE_STRICT_OBJC_MSGSEND = YES;
				GCC_C_LANGUAGE_STANDARD = gnu11;
				GCC_NO_COMMON_BLOCKS = YES;
				GCC_WARN_64_TO_32_BIT_CONVERSION = YES;
				GCC_WARN_ABOUT_RETURN_TYPE = YES_ERROR;
				GCC_WARN_UNDECLARED_SELECTOR = YES;
				GCC_WARN_UNINITIALIZED_AUTOS = YES_AGGRESSIVE;
				GCC_WARN_UNUSED_FUNCTION = YES;
				GCC_WARN_UNUSED_VARIABLE = YES;
				IPHONEOS_DEPLOYMENT_TARGET = 16.1;
				MTL_ENABLE_DEBUG_INFO = NO;
				MTL_FAST_MATH = YES;
				SDKROOT = iphoneos;
				SWIFT_COMPILATION_MODE = wholemodule;
				SWIFT_OPTIMIZATION_LEVEL = "-O";
				VALIDATE_PRODUCT = YES;
			};
			name = Release;
		};
		BA717DD62922DF22003B887B /* Debug */ = {
			isa = XCBuildConfiguration;
			buildSettings = {
				ASSETCATALOG_COMPILER_APPICON_NAME = AppIcon;
				ASSETCATALOG_COMPILER_GLOBAL_ACCENT_COLOR_NAME = AccentColor;
				CODE_SIGN_STYLE = Automatic;
				CURRENT_PROJECT_VERSION = 1;
				DEVELOPMENT_ASSET_PATHS = "\"CWC Notes App/Preview Content\"";
				DEVELOPMENT_TEAM = Z494853LVZ;
				ENABLE_PREVIEWS = YES;
				GENERATE_INFOPLIST_FILE = YES;
				INFOPLIST_KEY_UIApplicationSceneManifest_Generation = YES;
				INFOPLIST_KEY_UIApplicationSupportsIndirectInputEvents = YES;
				INFOPLIST_KEY_UILaunchScreen_Generation = YES;
				INFOPLIST_KEY_UISupportedInterfaceOrientations_iPad = "UIInterfaceOrientationPortrait UIInterfaceOrientationPortraitUpsideDown UIInterfaceOrientationLandscapeLeft UIInterfaceOrientationLandscapeRight";
				INFOPLIST_KEY_UISupportedInterfaceOrientations_iPhone = "UIInterfaceOrientationPortrait UIInterfaceOrientationLandscapeLeft UIInterfaceOrientationLandscapeRight";
				IPHONEOS_DEPLOYMENT_TARGET = 15.5;
				LD_RUNPATH_SEARCH_PATHS = (
					"$(inherited)",
					"@executable_path/Frameworks",
				);
				MARKETING_VERSION = 1.0;
				PRODUCT_BUNDLE_IDENTIFIER = "com.EricBurrell.CWC-Notes-App";
				PRODUCT_NAME = "$(TARGET_NAME)";
				SWIFT_EMIT_LOC_STRINGS = YES;
				SWIFT_VERSION = 5.0;
				TARGETED_DEVICE_FAMILY = "1,2";
			};
			name = Debug;
		};
		BA717DD72922DF22003B887B /* Release */ = {
			isa = XCBuildConfiguration;
			buildSettings = {
				ASSETCATALOG_COMPILER_APPICON_NAME = AppIcon;
				ASSETCATALOG_COMPILER_GLOBAL_ACCENT_COLOR_NAME = AccentColor;
				CODE_SIGN_STYLE = Automatic;
				CURRENT_PROJECT_VERSION = 1;
				DEVELOPMENT_ASSET_PATHS = "\"CWC Notes App/Preview Content\"";
				DEVELOPMENT_TEAM = Z494853LVZ;
				ENABLE_PREVIEWS = YES;
				GENERATE_INFOPLIST_FILE = YES;
				INFOPLIST_KEY_UIApplicationSceneManifest_Generation = YES;
				INFOPLIST_KEY_UIApplicationSupportsIndirectInputEvents = YES;
				INFOPLIST_KEY_UILaunchScreen_Generation = YES;
				INFOPLIST_KEY_UISupportedInterfaceOrientations_iPad = "UIInterfaceOrientationPortrait UIInterfaceOrientationPortraitUpsideDown UIInterfaceOrientationLandscapeLeft UIInterfaceOrientationLandscapeRight";
				INFOPLIST_KEY_UISupportedInterfaceOrientations_iPhone = "UIInterfaceOrientationPortrait UIInterfaceOrientationLandscapeLeft UIInterfaceOrientationLandscapeRight";
				IPHONEOS_DEPLOYMENT_TARGET = 15.5;
				LD_RUNPATH_SEARCH_PATHS = (
					"$(inherited)",
					"@executable_path/Frameworks",
				);
				MARKETING_VERSION = 1.0;
				PRODUCT_BUNDLE_IDENTIFIER = "com.EricBurrell.CWC-Notes-App";
				PRODUCT_NAME = "$(TARGET_NAME)";
				SWIFT_EMIT_LOC_STRINGS = YES;
				SWIFT_VERSION = 5.0;
				TARGETED_DEVICE_FAMILY = "1,2";
			};
			name = Release;
		};
/* End XCBuildConfiguration section */

/* Begin XCConfigurationList section */
		BA717DC22922DF1F003B887B /* Build configuration list for PBXProject "CWC Notes App" */ = {
			isa = XCConfigurationList;
			buildConfigurations = (
				BA717DD32922DF22003B887B /* Debug */,
				BA717DD42922DF22003B887B /* Release */,
			);
			defaultConfigurationIsVisible = 0;
			defaultConfigurationName = Release;
		};
		BA717DD52922DF22003B887B /* Build configuration list for PBXNativeTarget "CWC Notes App" */ = {
			isa = XCConfigurationList;
			buildConfigurations = (
				BA717DD62922DF22003B887B /* Debug */,
				BA717DD72922DF22003B887B /* Release */,
			);
			defaultConfigurationIsVisible = 0;
			defaultConfigurationName = Release;
		};
/* End XCConfigurationList section */

/* Begin XCRemoteSwiftPackageReference section */
		BAE09E84292427D6002B4514 /* XCRemoteSwiftPackageReference "Alamofire" */ = {
			isa = XCRemoteSwiftPackageReference;
			repositoryURL = "https://github.com/Alamofire/Alamofire";
			requirement = {
				kind = upToNextMajorVersion;
				minimumVersion = 5.0.0;
			};
		};
/* End XCRemoteSwiftPackageReference section */

/* Begin XCSwiftPackageProductDependency section */
		BAE09E85292427D6002B4514 /* Alamofire */ = {
			isa = XCSwiftPackageProductDependency;
			package = BAE09E84292427D6002B4514 /* XCRemoteSwiftPackageReference "Alamofire" */;
			productName = Alamofire;
		};
/* End XCSwiftPackageProductDependency section */
	};
	rootObject = BA717DBF2922DF1F003B887B /* Project object */;
}
